
Microsoft Visual Studio Solution File, Format Version 12.00
# Visual Studio Version 16
VisualStudioVersion = 16.0.31005.135
MinimumVisualStudioVersion = 10.0.40219.1
Project("{2150E333-8FDC-42A3-9474-1A3956D46DE8}") = "src", "src", "{E5658F14-3C64-4800-9D2D-430B677F7CED}"
EndProject
Project("{FAE04EC0-301F-11D3-BF4B-00C04F79EFBC}") = "Application", "src\Application\Application.csproj", "{A9F94C50-840B-45E2-8518-68FEB756EE3A}"
EndProject
Project("{FAE04EC0-301F-11D3-BF4B-00C04F79EFBC}") = "Domain", "src\Domain\Domain.csproj", "{C5BBF808-E11E-4AC4-913B-9CC5E476070E}"
EndProject
Project("{FAE04EC0-301F-11D3-BF4B-00C04F79EFBC}") = "Infrastructure", "src\Infrastructure\Infrastructure.csproj", "{49096787-BDBF-4E2E-BA50-C414EFEE3981}"
EndProject
Project("{FAE04EC0-301F-11D3-BF4B-00C04F79EFBC}") = "Persistence", "src\Persistence\Persistence.csproj", "{EE6806B3-14E5-45BC-84BA-22AB054A95B8}"
EndProject
Project("{2150E333-8FDC-42A3-9474-1A3956D46DE8}") = "Core", "Core", "{2690C8F0-988F-4E46-998F-0C12BACB99B8}"
EndProject
Project("{2150E333-8FDC-42A3-9474-1A3956D46DE8}") = "Infrastructure", "Infrastructure", "{A10259AA-34EA-41C7-BFEF-CBF7A3BC1CA7}"
EndProject
Project("{2150E333-8FDC-42A3-9474-1A3956D46DE8}") = "Presentation", "Presentation", "{3914CF82-EC7E-4D03-8C02-CC95720655AF}"
EndProject
Project("{FAE04EC0-301F-11D3-BF4B-00C04F79EFBC}") = "WebUI", "src\WebUI\WebUI.csproj", "{EC039B93-A219-4085-8A6F-A4FDA3F8A7BF}"
EndProject
Global
	GlobalSection(SolutionConfigurationPlatforms) = preSolution
		Debug|Any CPU = Debug|Any CPU
		Release|Any CPU = Release|Any CPU
	EndGlobalSection
	GlobalSection(ProjectConfigurationPlatforms) = postSolution
		{A9F94C50-840B-45E2-8518-68FEB756EE3A}.Debug|Any CPU.ActiveCfg = Debug|Any CPU
		{A9F94C50-840B-45E2-8518-68FEB756EE3A}.Debug|Any CPU.Build.0 = Debug|Any CPU
		{A9F94C50-840B-45E2-8518-68FEB756EE3A}.Release|Any CPU.ActiveCfg = Release|Any CPU
		{A9F94C50-840B-45E2-8518-68FEB756EE3A}.Release|Any CPU.Build.0 = Release|Any CPU
		{C5BBF808-E11E-4AC4-913B-9CC5E476070E}.Debug|Any CPU.ActiveCfg = Debug|Any CPU
		{C5BBF808-E11E-4AC4-913B-9CC5E476070E}.Debug|Any CPU.Build.0 = Debug|Any CPU
		{C5BBF808-E11E-4AC4-913B-9CC5E476070E}.Release|Any CPU.ActiveCfg = Release|Any CPU
		{C5BBF808-E11E-4AC4-913B-9CC5E476070E}.Release|Any CPU.Build.0 = Release|Any CPU
		{49096787-BDBF-4E2E-BA50-C414EFEE3981}.Debug|Any CPU.ActiveCfg = Debug|Any CPU
		{49096787-BDBF-4E2E-BA50-C414EFEE3981}.Debug|Any CPU.Build.0 = Debug|Any CPU
		{49096787-BDBF-4E2E-BA50-C414EFEE3981}.Release|Any CPU.ActiveCfg = Release|Any CPU
		{49096787-BDBF-4E2E-BA50-C414EFEE3981}.Release|Any CPU.Build.0 = Release|Any CPU
		{EE6806B3-14E5-45BC-84BA-22AB054A95B8}.Debug|Any CPU.ActiveCfg = Debug|Any CPU
		{EE6806B3-14E5-45BC-84BA-22AB054A95B8}.Debug|Any CPU.Build.0 = Debug|Any CPU
		{EE6806B3-14E5-45BC-84BA-22AB054A95B8}.Release|Any CPU.ActiveCfg = Release|Any CPU
		{EE6806B3-14E5-45BC-84BA-22AB054A95B8}.Release|Any CPU.Build.0 = Release|Any CPU
		{EC039B93-A219-4085-8A6F-A4FDA3F8A7BF}.Debug|Any CPU.ActiveCfg = Debug|Any CPU
		{EC039B93-A219-4085-8A6F-A4FDA3F8A7BF}.Debug|Any CPU.Build.0 = Debug|Any CPU
		{EC039B93-A219-4085-8A6F-A4FDA3F8A7BF}.Release|Any CPU.ActiveCfg = Release|Any CPU
		{EC039B93-A219-4085-8A6F-A4FDA3F8A7BF}.Release|Any CPU.Build.0 = Release|Any CPU
	EndGlobalSection
	GlobalSection(SolutionProperties) = preSolution
		HideSolutionNode = FALSE
	EndGlobalSection
	GlobalSection(NestedProjects) = preSolution
		{A9F94C50-840B-45E2-8518-68FEB756EE3A} = {2690C8F0-988F-4E46-998F-0C12BACB99B8}
		{C5BBF808-E11E-4AC4-913B-9CC5E476070E} = {2690C8F0-988F-4E46-998F-0C12BACB99B8}
		{49096787-BDBF-4E2E-BA50-C414EFEE3981} = {A10259AA-34EA-41C7-BFEF-CBF7A3BC1CA7}
		{EE6806B3-14E5-45BC-84BA-22AB054A95B8} = {A10259AA-34EA-41C7-BFEF-CBF7A3BC1CA7}
		{2690C8F0-988F-4E46-998F-0C12BACB99B8} = {E5658F14-3C64-4800-9D2D-430B677F7CED}
		{A10259AA-34EA-41C7-BFEF-CBF7A3BC1CA7} = {E5658F14-3C64-4800-9D2D-430B677F7CED}
		{3914CF82-EC7E-4D03-8C02-CC95720655AF} = {E5658F14-3C64-4800-9D2D-430B677F7CED}
		{EC039B93-A219-4085-8A6F-A4FDA3F8A7BF} = {3914CF82-EC7E-4D03-8C02-CC95720655AF}
	EndGlobalSection
	GlobalSection(ExtensibilityGlobals) = postSolution
		SolutionGuid = {BB164E46-2FDE-4E4E-8009-F982FE655B2D}
	EndGlobalSection
EndGlobal
